// !$*UTF8*$!
{
	archiveVersion = 1;
	classes = {
	};
	objectVersion = 48;
	objects = {

/* Begin PBXBuildFile section */
		3E37570F228D057B00DF4069 /* Protocol.swift in Sources */ = {isa = PBXBuildFile; fileRef = 3E37570E228D057B00DF4069 /* Protocol.swift */; };
		3E375711228D47FB00DF4069 /* CustomLoginViewController.swift in Sources */ = {isa = PBXBuildFile; fileRef = 3E375710228D47FB00DF4069 /* CustomLoginViewController.swift */; };
		3E4AC8C722840F7800D06088 /* OptionDistanceViewController.swift in Sources */ = {isa = PBXBuildFile; fileRef = 3E4AC8C622840F7800D06088 /* OptionDistanceViewController.swift */; };
		3E4AC8C92285045F00D06088 /* OptionFilterViewController.swift in Sources */ = {isa = PBXBuildFile; fileRef = 3E4AC8C82285045F00D06088 /* OptionFilterViewController.swift */; };
		3E4AC8CB228505E000D06088 /* OptionFilterTableCell.swift in Sources */ = {isa = PBXBuildFile; fileRef = 3E4AC8CA228505E000D06088 /* OptionFilterTableCell.swift */; };
		3E4AC8CD22851B0200D06088 /* OptionFilterFoodTypeCell.swift in Sources */ = {isa = PBXBuildFile; fileRef = 3E4AC8CC22851B0200D06088 /* OptionFilterFoodTypeCell.swift */; };
		3E4AC8CF228531D100D06088 /* OptionFilterAreaCell.swift in Sources */ = {isa = PBXBuildFile; fileRef = 3E4AC8CE228531D100D06088 /* OptionFilterAreaCell.swift */; };
		3E4AC8D12285549900D06088 /* UserInfo.swift in Sources */ = {isa = PBXBuildFile; fileRef = 3E4AC8D02285549900D06088 /* UserInfo.swift */; };
		3E5F22E4228406B0000B5B70 /* OptionAreaViewController.swift in Sources */ = {isa = PBXBuildFile; fileRef = 3E5F22E3228406B0000B5B70 /* OptionAreaViewController.swift */; };
		3E81FB5B22813C6000A7D148 /* StoreThumbCollectionViewCell.swift in Sources */ = {isa = PBXBuildFile; fileRef = 3E81FB5A22813C6000A7D148 /* StoreThumbCollectionViewCell.swift */; };
		3E81FB5D22815CE000A7D148 /* DataSet.swift in Sources */ = {isa = PBXBuildFile; fileRef = 3E81FB5C22815CE000A7D148 /* DataSet.swift */; };
		3E81FB60228167AA00A7D148 /* StoreInfoViewController.swift in Sources */ = {isa = PBXBuildFile; fileRef = 3E81FB5F228167AA00A7D148 /* StoreInfoViewController.swift */; };
		3E81FB62228167B700A7D148 /* StoreInfo.storyboard in Resources */ = {isa = PBXBuildFile; fileRef = 3E81FB61228167B700A7D148 /* StoreInfo.storyboard */; };
		3E81FB65228175D800A7D148 /* KakaoOpenSDK.framework in Frameworks */ = {isa = PBXBuildFile; fileRef = 3E81FB64228175D800A7D148 /* KakaoOpenSDK.framework */; };
		3EABEB632279AD4E0043BF0E /* MainViewController.swift in Sources */ = {isa = PBXBuildFile; fileRef = 3EABEB622279AD4E0043BF0E /* MainViewController.swift */; };
		3EABEB652279AD850043BF0E /* Main.storyboard in Resources */ = {isa = PBXBuildFile; fileRef = 3EABEB642279AD850043BF0E /* Main.storyboard */; };
		3EB3D147228A779000F3EE1F /* StoreInfoPageViewController.swift in Sources */ = {isa = PBXBuildFile; fileRef = 3EB3D146228A779000F3EE1F /* StoreInfoPageViewController.swift */; };
		3EE1ACBA228950C9005E0AB5 /* SideMenuViewController.swift in Sources */ = {isa = PBXBuildFile; fileRef = 3EE1ACB9228950C9005E0AB5 /* SideMenuViewController.swift */; };
		3EF63D2D22708BD6003896C4 /* AppDelegate.swift in Sources */ = {isa = PBXBuildFile; fileRef = 3EF63D2C22708BD6003896C4 /* AppDelegate.swift */; };
		3EF63D2F22708BD6003896C4 /* LoginViewController.swift in Sources */ = {isa = PBXBuildFile; fileRef = 3EF63D2E22708BD6003896C4 /* LoginViewController.swift */; };
		3EF63D3222708BD6003896C4 /* Login.storyboard in Resources */ = {isa = PBXBuildFile; fileRef = 3EF63D3022708BD6003896C4 /* Login.storyboard */; };
		3EF63D3422708BD6003896C4 /* Assets.xcassets in Resources */ = {isa = PBXBuildFile; fileRef = 3EF63D3322708BD6003896C4 /* Assets.xcassets */; };
		3EF63D3722708BD6003896C4 /* LaunchScreen.storyboard in Resources */ = {isa = PBXBuildFile; fileRef = 3EF63D3522708BD6003896C4 /* LaunchScreen.storyboard */; };
		3EFC2CDF228BA0C4002425A0 /* PricePageViewController.swift in Sources */ = {isa = PBXBuildFile; fileRef = 3EFC2CDE228BA0C4002425A0 /* PricePageViewController.swift */; };
		3EFC2CE1228BA4B7002425A0 /* BlogPageViewController.swift in Sources */ = {isa = PBXBuildFile; fileRef = 3EFC2CE0228BA4B7002425A0 /* BlogPageViewController.swift */; };
		3EFC2CE3228BAFDC002425A0 /* StoreReviewViewController.swift in Sources */ = {isa = PBXBuildFile; fileRef = 3EFC2CE2228BAFDC002425A0 /* StoreReviewViewController.swift */; };
		3EFC2CE5228BDD10002425A0 /* ImageButton.swift in Sources */ = {isa = PBXBuildFile; fileRef = 3EFC2CE4228BDD10002425A0 /* ImageButton.swift */; };
		3EFC2CE7228BE7A5002425A0 /* Terms1ViewController.swift in Sources */ = {isa = PBXBuildFile; fileRef = 3EFC2CE6228BE7A4002425A0 /* Terms1ViewController.swift */; };
		3EFC2CE9228BE8AC002425A0 /* Terms2ViewController.swift in Sources */ = {isa = PBXBuildFile; fileRef = 3EFC2CE8228BE8AC002425A0 /* Terms2ViewController.swift */; };
		3EFC2CEB228C043B002425A0 /* SignViewController.swift in Sources */ = {isa = PBXBuildFile; fileRef = 3EFC2CEA228C043B002425A0 /* SignViewController.swift */; };
		3EFFCE14227BDEAE00403935 /* TabBarViewController.swift in Sources */ = {isa = PBXBuildFile; fileRef = 3EFFCE13227BDEAE00403935 /* TabBarViewController.swift */; };
		3EFFCE17227BDF2400403935 /* Util.swift in Sources */ = {isa = PBXBuildFile; fileRef = 3EFFCE16227BDF2400403935 /* Util.swift */; };
		3EFFCE19227BE44400403935 /* StoreThumbViewController.swift in Sources */ = {isa = PBXBuildFile; fileRef = 3EFFCE18227BE44400403935 /* StoreThumbViewController.swift */; };
		6CC754F5F2072FB7F1AA28F6 /* Pods_GGBB_re.framework in Frameworks */ = {isa = PBXBuildFile; fileRef = C62F9D5B39CDF86859EF129E /* Pods_GGBB_re.framework */; };
/* End PBXBuildFile section */

/* Begin PBXFileReference section */
		3E37570E228D057B00DF4069 /* Protocol.swift */ = {isa = PBXFileReference; lastKnownFileType = sourcecode.swift; path = Protocol.swift; sourceTree = "<group>"; };
		3E375710228D47FB00DF4069 /* CustomLoginViewController.swift */ = {isa = PBXFileReference; lastKnownFileType = sourcecode.swift; path = CustomLoginViewController.swift; sourceTree = "<group>"; };
		3E4AC8C622840F7800D06088 /* OptionDistanceViewController.swift */ = {isa = PBXFileReference; lastKnownFileType = sourcecode.swift; path = OptionDistanceViewController.swift; sourceTree = "<group>"; };
		3E4AC8C82285045F00D06088 /* OptionFilterViewController.swift */ = {isa = PBXFileReference; lastKnownFileType = sourcecode.swift; path = OptionFilterViewController.swift; sourceTree = "<group>"; };
		3E4AC8CA228505E000D06088 /* OptionFilterTableCell.swift */ = {isa = PBXFileReference; lastKnownFileType = sourcecode.swift; path = OptionFilterTableCell.swift; sourceTree = "<group>"; };
		3E4AC8CC22851B0200D06088 /* OptionFilterFoodTypeCell.swift */ = {isa = PBXFileReference; lastKnownFileType = sourcecode.swift; path = OptionFilterFoodTypeCell.swift; sourceTree = "<group>"; };
		3E4AC8CE228531D100D06088 /* OptionFilterAreaCell.swift */ = {isa = PBXFileReference; lastKnownFileType = sourcecode.swift; path = OptionFilterAreaCell.swift; sourceTree = "<group>"; };
		3E4AC8D02285549900D06088 /* UserInfo.swift */ = {isa = PBXFileReference; lastKnownFileType = sourcecode.swift; path = UserInfo.swift; sourceTree = "<group>"; };
		3E5F22E3228406B0000B5B70 /* OptionAreaViewController.swift */ = {isa = PBXFileReference; lastKnownFileType = sourcecode.swift; path = OptionAreaViewController.swift; sourceTree = "<group>"; };
		3E81FB5A22813C6000A7D148 /* StoreThumbCollectionViewCell.swift */ = {isa = PBXFileReference; lastKnownFileType = sourcecode.swift; path = StoreThumbCollectionViewCell.swift; sourceTree = "<group>"; };
		3E81FB5C22815CE000A7D148 /* DataSet.swift */ = {isa = PBXFileReference; lastKnownFileType = sourcecode.swift; path = DataSet.swift; sourceTree = "<group>"; };
		3E81FB5F228167AA00A7D148 /* StoreInfoViewController.swift */ = {isa = PBXFileReference; lastKnownFileType = sourcecode.swift; path = StoreInfoViewController.swift; sourceTree = "<group>"; };
		3E81FB61228167B700A7D148 /* StoreInfo.storyboard */ = {isa = PBXFileReference; lastKnownFileType = file.storyboard; path = StoreInfo.storyboard; sourceTree = "<group>"; };
		3E81FB64228175D800A7D148 /* KakaoOpenSDK.framework */ = {isa = PBXFileReference; lastKnownFileType = wrapper.framework; path = KakaoOpenSDK.framework; sourceTree = "<group>"; };
		3E81FB662282740100A7D148 /* kakaoHeader.h */ = {isa = PBXFileReference; lastKnownFileType = sourcecode.c.h; path = kakaoHeader.h; sourceTree = "<group>"; };
		3EABEB622279AD4E0043BF0E /* MainViewController.swift */ = {isa = PBXFileReference; lastKnownFileType = sourcecode.swift; path = MainViewController.swift; sourceTree = "<group>"; };
		3EABEB642279AD850043BF0E /* Main.storyboard */ = {isa = PBXFileReference; lastKnownFileType = file.storyboard; path = Main.storyboard; sourceTree = "<group>"; };
		3EB3D146228A779000F3EE1F /* StoreInfoPageViewController.swift */ = {isa = PBXFileReference; lastKnownFileType = sourcecode.swift; path = StoreInfoPageViewController.swift; sourceTree = "<group>"; };
		3EE1ACB9228950C9005E0AB5 /* SideMenuViewController.swift */ = {isa = PBXFileReference; lastKnownFileType = sourcecode.swift; path = SideMenuViewController.swift; sourceTree = "<group>"; };
		3EF63D2922708BD6003896C4 /* GGBB_re.app */ = {isa = PBXFileReference; explicitFileType = wrapper.application; includeInIndex = 0; path = GGBB_re.app; sourceTree = BUILT_PRODUCTS_DIR; };
		3EF63D2C22708BD6003896C4 /* AppDelegate.swift */ = {isa = PBXFileReference; lastKnownFileType = sourcecode.swift; path = AppDelegate.swift; sourceTree = "<group>"; };
		3EF63D2E22708BD6003896C4 /* LoginViewController.swift */ = {isa = PBXFileReference; lastKnownFileType = sourcecode.swift; path = LoginViewController.swift; sourceTree = "<group>"; };
		3EF63D3122708BD6003896C4 /* Base */ = {isa = PBXFileReference; lastKnownFileType = file.storyboard; name = Base; path = Base.lproj/Login.storyboard; sourceTree = "<group>"; };
		3EF63D3322708BD6003896C4 /* Assets.xcassets */ = {isa = PBXFileReference; lastKnownFileType = folder.assetcatalog; path = Assets.xcassets; sourceTree = "<group>"; };
		3EF63D3622708BD6003896C4 /* Base */ = {isa = PBXFileReference; lastKnownFileType = file.storyboard; name = Base; path = Base.lproj/LaunchScreen.storyboard; sourceTree = "<group>"; };
		3EF63D3822708BD6003896C4 /* Info.plist */ = {isa = PBXFileReference; lastKnownFileType = text.plist.xml; path = Info.plist; sourceTree = "<group>"; };
		3EF63D4122708BD6003896C4 /* GGBB_reTests.swift */ = {isa = PBXFileReference; lastKnownFileType = sourcecode.swift; path = GGBB_reTests.swift; sourceTree = "<group>"; };
		3EF63D4322708BD6003896C4 /* Info.plist */ = {isa = PBXFileReference; lastKnownFileType = text.plist.xml; path = Info.plist; sourceTree = "<group>"; };
		3EFC2CDE228BA0C4002425A0 /* PricePageViewController.swift */ = {isa = PBXFileReference; lastKnownFileType = sourcecode.swift; path = PricePageViewController.swift; sourceTree = "<group>"; };
		3EFC2CE0228BA4B7002425A0 /* BlogPageViewController.swift */ = {isa = PBXFileReference; lastKnownFileType = sourcecode.swift; path = BlogPageViewController.swift; sourceTree = "<group>"; };
		3EFC2CE2228BAFDC002425A0 /* StoreReviewViewController.swift */ = {isa = PBXFileReference; lastKnownFileType = sourcecode.swift; path = StoreReviewViewController.swift; sourceTree = "<group>"; };
		3EFC2CE4228BDD10002425A0 /* ImageButton.swift */ = {isa = PBXFileReference; lastKnownFileType = sourcecode.swift; path = ImageButton.swift; sourceTree = "<group>"; };
		3EFC2CE6228BE7A4002425A0 /* Terms1ViewController.swift */ = {isa = PBXFileReference; lastKnownFileType = sourcecode.swift; path = Terms1ViewController.swift; sourceTree = "<group>"; };
		3EFC2CE8228BE8AC002425A0 /* Terms2ViewController.swift */ = {isa = PBXFileReference; lastKnownFileType = sourcecode.swift; path = Terms2ViewController.swift; sourceTree = "<group>"; };
		3EFC2CEA228C043B002425A0 /* SignViewController.swift */ = {isa = PBXFileReference; lastKnownFileType = sourcecode.swift; path = SignViewController.swift; sourceTree = "<group>"; };
		3EFFCE13227BDEAE00403935 /* TabBarViewController.swift */ = {isa = PBXFileReference; lastKnownFileType = sourcecode.swift; path = TabBarViewController.swift; sourceTree = "<group>"; };
		3EFFCE16227BDF2400403935 /* Util.swift */ = {isa = PBXFileReference; lastKnownFileType = sourcecode.swift; path = Util.swift; sourceTree = "<group>"; };
		3EFFCE18227BE44400403935 /* StoreThumbViewController.swift */ = {isa = PBXFileReference; lastKnownFileType = sourcecode.swift; path = StoreThumbViewController.swift; sourceTree = "<group>"; };
		80A1C32798983A31BCD807F5 /* Pods-GGBB_re.debug.xcconfig */ = {isa = PBXFileReference; includeInIndex = 1; lastKnownFileType = text.xcconfig; name = "Pods-GGBB_re.debug.xcconfig"; path = "Pods/Target Support Files/Pods-GGBB_re/Pods-GGBB_re.debug.xcconfig"; sourceTree = "<group>"; };
		C62F9D5B39CDF86859EF129E /* Pods_GGBB_re.framework */ = {isa = PBXFileReference; explicitFileType = wrapper.framework; includeInIndex = 0; path = Pods_GGBB_re.framework; sourceTree = BUILT_PRODUCTS_DIR; };
		D20D42E1E92D7F2CBBF78D14 /* Pods-GGBB_re.release.xcconfig */ = {isa = PBXFileReference; includeInIndex = 1; lastKnownFileType = text.xcconfig; name = "Pods-GGBB_re.release.xcconfig"; path = "Pods/Target Support Files/Pods-GGBB_re/Pods-GGBB_re.release.xcconfig"; sourceTree = "<group>"; };
/* End PBXFileReference section */

/* Begin PBXFrameworksBuildPhase section */
		3EF63D2622708BD6003896C4 /* Frameworks */ = {
			isa = PBXFrameworksBuildPhase;
			buildActionMask = 2147483647;
			files = (
				6CC754F5F2072FB7F1AA28F6 /* Pods_GGBB_re.framework in Frameworks */,
				3E81FB65228175D800A7D148 /* KakaoOpenSDK.framework in Frameworks */,
			);
			runOnlyForDeploymentPostprocessing = 0;
		};
/* End PBXFrameworksBuildPhase section */

/* Begin PBXGroup section */
		3E81FB5E2281669D00A7D148 /* 3_storeInfo */ = {
			isa = PBXGroup;
			children = (
				3E81FB61228167B700A7D148 /* StoreInfo.storyboard */,
				3E81FB5F228167AA00A7D148 /* StoreInfoViewController.swift */,
				3EB3D146228A779000F3EE1F /* StoreInfoPageViewController.swift */,
				3EFC2CDE228BA0C4002425A0 /* PricePageViewController.swift */,
				3EFC2CE0228BA4B7002425A0 /* BlogPageViewController.swift */,
				3EFC2CE2228BAFDC002425A0 /* StoreReviewViewController.swift */,
			);
			path = 3_storeInfo;
			sourceTree = "<group>";
		};
		3EABEB612279AD2A0043BF0E /* 2_main */ = {
			isa = PBXGroup;
			children = (
				3EABEB642279AD850043BF0E /* Main.storyboard */,
				3EABEB622279AD4E0043BF0E /* MainViewController.swift */,
				3EE1ACB9228950C9005E0AB5 /* SideMenuViewController.swift */,
				3EFFCE13227BDEAE00403935 /* TabBarViewController.swift */,
				3EFFCE18227BE44400403935 /* StoreThumbViewController.swift */,
				3E81FB5A22813C6000A7D148 /* StoreThumbCollectionViewCell.swift */,
				3E5F22E3228406B0000B5B70 /* OptionAreaViewController.swift */,
				3E4AC8C622840F7800D06088 /* OptionDistanceViewController.swift */,
				3E4AC8C82285045F00D06088 /* OptionFilterViewController.swift */,
				3E4AC8CA228505E000D06088 /* OptionFilterTableCell.swift */,
				3E4AC8CC22851B0200D06088 /* OptionFilterFoodTypeCell.swift */,
				3E4AC8CE228531D100D06088 /* OptionFilterAreaCell.swift */,
			);
			path = 2_main;
			sourceTree = "<group>";
		};
		3EF63D2022708BD6003896C4 = {
			isa = PBXGroup;
			children = (
				3EF63D2B22708BD6003896C4 /* GGBB_re */,
				3EF63D4022708BD6003896C4 /* GGBB_reTests */,
				3EF63D2A22708BD6003896C4 /* Products */,
				EFC8A7A41D0C900C2A6F6653 /* Pods */,
				A2E9F8B48315B98B0C296A15 /* Frameworks */,
			);
			sourceTree = "<group>";
		};
		3EF63D2A22708BD6003896C4 /* Products */ = {
			isa = PBXGroup;
			children = (
				3EF63D2922708BD6003896C4 /* GGBB_re.app */,
			);
			name = Products;
			sourceTree = "<group>";
		};
		3EF63D2B22708BD6003896C4 /* GGBB_re */ = {
			isa = PBXGroup;
			children = (
				3EFFCE15227BDF1200403935 /* 0_util */,
				3EF63D4D227093E7003896C4 /* 1_login */,
				3EABEB612279AD2A0043BF0E /* 2_main */,
				3E81FB5E2281669D00A7D148 /* 3_storeInfo */,
				3EF63D3322708BD6003896C4 /* Assets.xcassets */,
				3EF63D2C22708BD6003896C4 /* AppDelegate.swift */,
				3EF63D3522708BD6003896C4 /* LaunchScreen.storyboard */,
				3EF63D3822708BD6003896C4 /* Info.plist */,
			);
			path = GGBB_re;
			sourceTree = "<group>";
		};
		3EF63D4022708BD6003896C4 /* GGBB_reTests */ = {
			isa = PBXGroup;
			children = (
				3EF63D4122708BD6003896C4 /* GGBB_reTests.swift */,
				3EF63D4322708BD6003896C4 /* Info.plist */,
			);
			path = GGBB_reTests;
			sourceTree = "<group>";
		};
		3EF63D4D227093E7003896C4 /* 1_login */ = {
			isa = PBXGroup;
			children = (
				3EF63D3022708BD6003896C4 /* Login.storyboard */,
				3EF63D2E22708BD6003896C4 /* LoginViewController.swift */,
				3E375710228D47FB00DF4069 /* CustomLoginViewController.swift */,
				3EFC2CEA228C043B002425A0 /* SignViewController.swift */,
				3EFC2CE6228BE7A4002425A0 /* Terms1ViewController.swift */,
				3EFC2CE8228BE8AC002425A0 /* Terms2ViewController.swift */,
			);
			path = 1_login;
			sourceTree = "<group>";
		};
		3EFFCE15227BDF1200403935 /* 0_util */ = {
			isa = PBXGroup;
			children = (
				3EFFCE16227BDF2400403935 /* Util.swift */,
				3E81FB5C22815CE000A7D148 /* DataSet.swift */,
				3E81FB662282740100A7D148 /* kakaoHeader.h */,
				3E4AC8D02285549900D06088 /* UserInfo.swift */,
				3EFC2CE4228BDD10002425A0 /* ImageButton.swift */,
				3E37570E228D057B00DF4069 /* Protocol.swift */,
			);
			path = 0_util;
			sourceTree = "<group>";
		};
		A2E9F8B48315B98B0C296A15 /* Frameworks */ = {
			isa = PBXGroup;
			children = (
				3E81FB64228175D800A7D148 /* KakaoOpenSDK.framework */,
				C62F9D5B39CDF86859EF129E /* Pods_GGBB_re.framework */,
			);
			name = Frameworks;
			sourceTree = "<group>";
		};
		EFC8A7A41D0C900C2A6F6653 /* Pods */ = {
			isa = PBXGroup;
			children = (
				80A1C32798983A31BCD807F5 /* Pods-GGBB_re.debug.xcconfig */,
				D20D42E1E92D7F2CBBF78D14 /* Pods-GGBB_re.release.xcconfig */,
			);
			name = Pods;
			sourceTree = "<group>";
		};
/* End PBXGroup section */

/* Begin PBXNativeTarget section */
		3EF63D2822708BD6003896C4 /* GGBB_re */ = {
			isa = PBXNativeTarget;
			buildConfigurationList = 3EF63D4622708BD6003896C4 /* Build configuration list for PBXNativeTarget "GGBB_re" */;
			buildPhases = (
				A3CD7D2E17976C30A3C76618 /* [CP] Check Pods Manifest.lock */,
				3EF63D2522708BD6003896C4 /* Sources */,
				3EF63D2622708BD6003896C4 /* Frameworks */,
				3EF63D2722708BD6003896C4 /* Resources */,
				076750623DD2DF65EA90A6CC /* [CP] Embed Pods Frameworks */,
			);
			buildRules = (
			);
			dependencies = (
			);
			name = GGBB_re;
			productName = GGBB_re;
			productReference = 3EF63D2922708BD6003896C4 /* GGBB_re.app */;
			productType = "com.apple.product-type.application";
		};
/* End PBXNativeTarget section */

/* Begin PBXProject section */
		3EF63D2122708BD6003896C4 /* Project object */ = {
			isa = PBXProject;
			attributes = {
				LastSwiftUpdateCheck = 0920;
				LastUpgradeCheck = 0920;
				ORGANIZATIONNAME = "송시온";
				TargetAttributes = {
					3EF63D2822708BD6003896C4 = {
						CreatedOnToolsVersion = 9.2;
						ProvisioningStyle = Automatic;
					};
				};
			};
			buildConfigurationList = 3EF63D2422708BD6003896C4 /* Build configuration list for PBXProject "GGBB_re" */;
			compatibilityVersion = "Xcode 8.0";
			developmentRegion = en;
			hasScannedForEncodings = 0;
			knownRegions = (
				en,
				Base,
			);
			mainGroup = 3EF63D2022708BD6003896C4;
			productRefGroup = 3EF63D2A22708BD6003896C4 /* Products */;
			projectDirPath = "";
			projectRoot = "";
			targets = (
				3EF63D2822708BD6003896C4 /* GGBB_re */,
			);
		};
/* End PBXProject section */

/* Begin PBXResourcesBuildPhase section */
		3EF63D2722708BD6003896C4 /* Resources */ = {
			isa = PBXResourcesBuildPhase;
			buildActionMask = 2147483647;
			files = (
				3EF63D3722708BD6003896C4 /* LaunchScreen.storyboard in Resources */,
				3EF63D3422708BD6003896C4 /* Assets.xcassets in Resources */,
				3EF63D3222708BD6003896C4 /* Login.storyboard in Resources */,
				3E81FB62228167B700A7D148 /* StoreInfo.storyboard in Resources */,
				3EABEB652279AD850043BF0E /* Main.storyboard in Resources */,
			);
			runOnlyForDeploymentPostprocessing = 0;
		};
/* End PBXResourcesBuildPhase section */

/* Begin PBXShellScriptBuildPhase section */
		076750623DD2DF65EA90A6CC /* [CP] Embed Pods Frameworks */ = {
			isa = PBXShellScriptBuildPhase;
			buildActionMask = 2147483647;
			files = (
			);
			inputPaths = (
				"${PODS_ROOT}/Target Support Files/Pods-GGBB_re/Pods-GGBB_re-frameworks.sh",
				"${BUILT_PRODUCTS_DIR}/Alamofire/Alamofire.framework",
				"${BUILT_PRODUCTS_DIR}/FBSDKCoreKit/FBSDKCoreKit.framework",
				"${BUILT_PRODUCTS_DIR}/FBSDKLoginKit/FBSDKLoginKit.framework",
				"${BUILT_PRODUCTS_DIR}/FacebookCore/FacebookCore.framework",
				"${BUILT_PRODUCTS_DIR}/FacebookLogin/FacebookLogin.framework",
				"${BUILT_PRODUCTS_DIR}/Material/Material.framework",
				"${BUILT_PRODUCTS_DIR}/Motion/Motion.framework",
				"${BUILT_PRODUCTS_DIR}/SwiftyJSON/SwiftyJSON.framework",
				"${BUILT_PRODUCTS_DIR}/XLPagerTabStrip/XLPagerTabStrip.framework",
			);
			name = "[CP] Embed Pods Frameworks";
			outputPaths = (
				"${TARGET_BUILD_DIR}/${FRAMEWORKS_FOLDER_PATH}/Alamofire.framework",
				"${TARGET_BUILD_DIR}/${FRAMEWORKS_FOLDER_PATH}/FBSDKCoreKit.framework",
				"${TARGET_BUILD_DIR}/${FRAMEWORKS_FOLDER_PATH}/FBSDKLoginKit.framework",
				"${TARGET_BUILD_DIR}/${FRAMEWORKS_FOLDER_PATH}/FacebookCore.framework",
				"${TARGET_BUILD_DIR}/${FRAMEWORKS_FOLDER_PATH}/FacebookLogin.framework",
				"${TARGET_BUILD_DIR}/${FRAMEWORKS_FOLDER_PATH}/Material.framework",
				"${TARGET_BUILD_DIR}/${FRAMEWORKS_FOLDER_PATH}/Motion.framework",
				"${TARGET_BUILD_DIR}/${FRAMEWORKS_FOLDER_PATH}/SwiftyJSON.framework",
				"${TARGET_BUILD_DIR}/${FRAMEWORKS_FOLDER_PATH}/XLPagerTabStrip.framework",
			);
			runOnlyForDeploymentPostprocessing = 0;
			shellPath = /bin/sh;
			shellScript = "\"${PODS_ROOT}/Target Support Files/Pods-GGBB_re/Pods-GGBB_re-frameworks.sh\"\n";
			showEnvVarsInLog = 0;
		};
		A3CD7D2E17976C30A3C76618 /* [CP] Check Pods Manifest.lock */ = {
			isa = PBXShellScriptBuildPhase;
			buildActionMask = 2147483647;
			files = (
			);
			inputPaths = (
				"${PODS_PODFILE_DIR_PATH}/Podfile.lock",
				"${PODS_ROOT}/Manifest.lock",
			);
			name = "[CP] Check Pods Manifest.lock";
			outputPaths = (
				"$(DERIVED_FILE_DIR)/Pods-GGBB_re-checkManifestLockResult.txt",
			);
			runOnlyForDeploymentPostprocessing = 0;
			shellPath = /bin/sh;
			shellScript = "diff \"${PODS_PODFILE_DIR_PATH}/Podfile.lock\" \"${PODS_ROOT}/Manifest.lock\" > /dev/null\nif [ $? != 0 ] ; then\n    # print error to STDERR\n    echo \"error: The sandbox is not in sync with the Podfile.lock. Run 'pod install' or update your CocoaPods installation.\" >&2\n    exit 1\nfi\n# This output is used by Xcode 'outputs' to avoid re-running this script phase.\necho \"SUCCESS\" > \"${SCRIPT_OUTPUT_FILE_0}\"\n";
			showEnvVarsInLog = 0;
		};
/* End PBXShellScriptBuildPhase section */

/* Begin PBXSourcesBuildPhase section */
		3EF63D2522708BD6003896C4 /* Sources */ = {
			isa = PBXSourcesBuildPhase;
			buildActionMask = 2147483647;
			files = (
				3E375711228D47FB00DF4069 /* CustomLoginViewController.swift in Sources */,
				3EFC2CE3228BAFDC002425A0 /* StoreReviewViewController.swift in Sources */,
				3E37570F228D057B00DF4069 /* Protocol.swift in Sources */,
				3EABEB632279AD4E0043BF0E /* MainViewController.swift in Sources */,
				3E81FB5B22813C6000A7D148 /* StoreThumbCollectionViewCell.swift in Sources */,
				3E4AC8CD22851B0200D06088 /* OptionFilterFoodTypeCell.swift in Sources */,
				3E5F22E4228406B0000B5B70 /* OptionAreaViewController.swift in Sources */,
				3E4AC8D12285549900D06088 /* UserInfo.swift in Sources */,
				3E4AC8C722840F7800D06088 /* OptionDistanceViewController.swift in Sources */,
				3EF63D2F22708BD6003896C4 /* LoginViewController.swift in Sources */,
				3EB3D147228A779000F3EE1F /* StoreInfoPageViewController.swift in Sources */,
				3EFC2CE9228BE8AC002425A0 /* Terms2ViewController.swift in Sources */,
				3EFFCE19227BE44400403935 /* StoreThumbViewController.swift in Sources */,
				3EFFCE17227BDF2400403935 /* Util.swift in Sources */,
				3E4AC8C92285045F00D06088 /* OptionFilterViewController.swift in Sources */,
				3EFC2CDF228BA0C4002425A0 /* PricePageViewController.swift in Sources */,
				3EFC2CE7228BE7A5002425A0 /* Terms1ViewController.swift in Sources */,
				3EE1ACBA228950C9005E0AB5 /* SideMenuViewController.swift in Sources */,
				3E81FB60228167AA00A7D148 /* StoreInfoViewController.swift in Sources */,
				3EFC2CE1228BA4B7002425A0 /* BlogPageViewController.swift in Sources */,
				3E81FB5D22815CE000A7D148 /* DataSet.swift in Sources */,
				3EFC2CE5228BDD10002425A0 /* ImageButton.swift in Sources */,
				3E4AC8CB228505E000D06088 /* OptionFilterTableCell.swift in Sources */,
				3E4AC8CF228531D100D06088 /* OptionFilterAreaCell.swift in Sources */,
				3EFC2CEB228C043B002425A0 /* SignViewController.swift in Sources */,
				3EFFCE14227BDEAE00403935 /* TabBarViewController.swift in Sources */,
				3EF63D2D22708BD6003896C4 /* AppDelegate.swift in Sources */,
			);
			runOnlyForDeploymentPostprocessing = 0;
		};
/* End PBXSourcesBuildPhase section */

/* Begin PBXVariantGroup section */
		3EF63D3022708BD6003896C4 /* Login.storyboard */ = {
			isa = PBXVariantGroup;
			children = (
				3EF63D3122708BD6003896C4 /* Base */,
			);
			name = Login.storyboard;
			sourceTree = "<group>";
		};
		3EF63D3522708BD6003896C4 /* LaunchScreen.storyboard */ = {
			isa = PBXVariantGroup;
			children = (
				3EF63D3622708BD6003896C4 /* Base */,
			);
			name = LaunchScreen.storyboard;
			sourceTree = "<group>";
		};
/* End PBXVariantGroup section */

/* Begin XCBuildConfiguration section */
		3EF63D4422708BD6003896C4 /* Debug */ = {
			isa = XCBuildConfiguration;
			buildSettings = {
				ALWAYS_SEARCH_USER_PATHS = NO;
				CLANG_ANALYZER_NONNULL = YES;
				CLANG_ANALYZER_NUMBER_OBJECT_CONVERSION = YES_AGGRESSIVE;
				CLANG_CXX_LANGUAGE_STANDARD = "gnu++14";
				CLANG_CXX_LIBRARY = "libc++";
				CLANG_ENABLE_MODULES = YES;
				CLANG_ENABLE_OBJC_ARC = YES;
				CLANG_WARN_BLOCK_CAPTURE_AUTORELEASING = YES;
				CLANG_WARN_BOOL_CONVERSION = YES;
				CLANG_WARN_COMMA = YES;
				CLANG_WARN_CONSTANT_CONVERSION = YES;
				CLANG_WARN_DIRECT_OBJC_ISA_USAGE = YES_ERROR;
				CLANG_WARN_DOCUMENTATION_COMMENTS = YES;
				CLANG_WARN_EMPTY_BODY = YES;
				CLANG_WARN_ENUM_CONVERSION = YES;
				CLANG_WARN_INFINITE_RECURSION = YES;
				CLANG_WARN_INT_CONVERSION = YES;
				CLANG_WARN_NON_LITERAL_NULL_CONVERSION = YES;
				CLANG_WARN_OBJC_LITERAL_CONVERSION = YES;
				CLANG_WARN_OBJC_ROOT_CLASS = YES_ERROR;
				CLANG_WARN_RANGE_LOOP_ANALYSIS = YES;
				CLANG_WARN_STRICT_PROTOTYPES = YES;
				CLANG_WARN_SUSPICIOUS_MOVE = YES;
				CLANG_WARN_UNGUARDED_AVAILABILITY = YES_AGGRESSIVE;
				CLANG_WARN_UNREACHABLE_CODE = YES;
				CLANG_WARN__DUPLICATE_METHOD_MATCH = YES;
				CODE_SIGN_IDENTITY = "iPhone Developer";
				COPY_PHASE_STRIP = NO;
				DEBUG_INFORMATION_FORMAT = dwarf;
				ENABLE_STRICT_OBJC_MSGSEND = YES;
				ENABLE_TESTABILITY = YES;
				GCC_C_LANGUAGE_STANDARD = gnu11;
				GCC_DYNAMIC_NO_PIC = NO;
				GCC_NO_COMMON_BLOCKS = YES;
				GCC_OPTIMIZATION_LEVEL = 0;
				GCC_PREPROCESSOR_DEFINITIONS = (
					"DEBUG=1",
					"$(inherited)",
				);
				GCC_WARN_64_TO_32_BIT_CONVERSION = YES;
				GCC_WARN_ABOUT_RETURN_TYPE = YES_ERROR;
				GCC_WARN_UNDECLARED_SELECTOR = YES;
				GCC_WARN_UNINITIALIZED_AUTOS = YES_AGGRESSIVE;
				GCC_WARN_UNUSED_FUNCTION = YES;
				GCC_WARN_UNUSED_VARIABLE = YES;
				IPHONEOS_DEPLOYMENT_TARGET = 10.0;
				MTL_ENABLE_DEBUG_INFO = YES;
				ONLY_ACTIVE_ARCH = YES;
				SDKROOT = iphoneos;
				SWIFT_ACTIVE_COMPILATION_CONDITIONS = DEBUG;
				SWIFT_OPTIMIZATION_LEVEL = "-Onone";
			};
			name = Debug;
		};
		3EF63D4522708BD6003896C4 /* Release */ = {
			isa = XCBuildConfiguration;
			buildSettings = {
				ALWAYS_SEARCH_USER_PATHS = NO;
				CLANG_ANALYZER_NONNULL = YES;
				CLANG_ANALYZER_NUMBER_OBJECT_CONVERSION = YES_AGGRESSIVE;
				CLANG_CXX_LANGUAGE_STANDARD = "gnu++14";
				CLANG_CXX_LIBRARY = "libc++";
				CLANG_ENABLE_MODULES = YES;
				CLANG_ENABLE_OBJC_ARC = YES;
				CLANG_WARN_BLOCK_CAPTURE_AUTORELEASING = YES;
				CLANG_WARN_BOOL_CONVERSION = YES;
				CLANG_WARN_COMMA = YES;
				CLANG_WARN_CONSTANT_CONVERSION = YES;
				CLANG_WARN_DIRECT_OBJC_ISA_USAGE = YES_ERROR;
				CLANG_WARN_DOCUMENTATION_COMMENTS = YES;
				CLANG_WARN_EMPTY_BODY = YES;
				CLANG_WARN_ENUM_CONVERSION = YES;
				CLANG_WARN_INFINITE_RECURSION = YES;
				CLANG_WARN_INT_CONVERSION = YES;
				CLANG_WARN_NON_LITERAL_NULL_CONVERSION = YES;
				CLANG_WARN_OBJC_LITERAL_CONVERSION = YES;
				CLANG_WARN_OBJC_ROOT_CLASS = YES_ERROR;
				CLANG_WARN_RANGE_LOOP_ANALYSIS = YES;
				CLANG_WARN_STRICT_PROTOTYPES = YES;
				CLANG_WARN_SUSPICIOUS_MOVE = YES;
				CLANG_WARN_UNGUARDED_AVAILABILITY = YES_AGGRESSIVE;
				CLANG_WARN_UNREACHABLE_CODE = YES;
				CLANG_WARN__DUPLICATE_METHOD_MATCH = YES;
				CODE_SIGN_IDENTITY = "iPhone Developer";
				COPY_PHASE_STRIP = NO;
				DEBUG_INFORMATION_FORMAT = "dwarf-with-dsym";
				ENABLE_NS_ASSERTIONS = NO;
				ENABLE_STRICT_OBJC_MSGSEND = YES;
				GCC_C_LANGUAGE_STANDARD = gnu11;
				GCC_NO_COMMON_BLOCKS = YES;
				GCC_WARN_64_TO_32_BIT_CONVERSION = YES;
				GCC_WARN_ABOUT_RETURN_TYPE = YES_ERROR;
				GCC_WARN_UNDECLARED_SELECTOR = YES;
				GCC_WARN_UNINITIALIZED_AUTOS = YES_AGGRESSIVE;
				GCC_WARN_UNUSED_FUNCTION = YES;
				GCC_WARN_UNUSED_VARIABLE = YES;
				IPHONEOS_DEPLOYMENT_TARGET = 10.0;
				MTL_ENABLE_DEBUG_INFO = NO;
				SDKROOT = iphoneos;
				SWIFT_OPTIMIZATION_LEVEL = "-Owholemodule";
				VALIDATE_PRODUCT = YES;
			};
			name = Release;
		};
		3EF63D4722708BD6003896C4 /* Debug */ = {
			isa = XCBuildConfiguration;
			baseConfigurationReference = 80A1C32798983A31BCD807F5 /* Pods-GGBB_re.debug.xcconfig */;
			buildSettings = {
				ASSETCATALOG_COMPILER_APPICON_NAME = AppIcon;
				CODE_SIGN_STYLE = Automatic;
				DEVELOPMENT_TEAM = CQF5UP366T;
				FRAMEWORK_SEARCH_PATHS = (
					"$(inherited)",
					"$(PROJECT_DIR)",
				);
				INFOPLIST_FILE = GGBB_re/Info.plist;
				IPHONEOS_DEPLOYMENT_TARGET = 10.0;
				LD_RUNPATH_SEARCH_PATHS = "$(inherited) @executable_path/Frameworks";
				OTHER_LDFLAGS = (
					"$(inherited)",
					"-framework",
					"\"Foundation\"",
					"-framework",
					"\"Material\"",
					"-framework",
					"\"Motion\"",
					"-framework",
					"\"UIKit\"",
					"-framework",
					"\"XLPagerTabStrip\"",
					"\"-all_load\"",
				);
				PRODUCT_BUNDLE_IDENTIFIER = kr.co.ecpert.ggbb;
				PRODUCT_NAME = "$(TARGET_NAME)";
				SWIFT_OBJC_BRIDGING_HEADER = GGBB_re/0_util/kakaoHeader.h;
				SWIFT_VERSION = 4.2;
				TARGETED_DEVICE_FAMILY = 1;
			};
			name = Debug;
		};
		3EF63D4822708BD6003896C4 /* Release */ = {
			isa = XCBuildConfiguration;
			baseConfigurationReference = D20D42E1E92D7F2CBBF78D14 /* Pods-GGBB_re.release.xcconfig */;
			buildSettings = {
				ASSETCATALOG_COMPILER_APPICON_NAME = AppIcon;
				CODE_SIGN_STYLE = Automatic;
				DEVELOPMENT_TEAM = CQF5UP366T;
				FRAMEWORK_SEARCH_PATHS = (
					"$(inherited)",
					"$(PROJECT_DIR)",
				);
				INFOPLIST_FILE = GGBB_re/Info.plist;
				IPHONEOS_DEPLOYMENT_TARGET = 10.0;
				LD_RUNPATH_SEARCH_PATHS = "$(inherited) @executable_path/Frameworks";
				OTHER_LDFLAGS = (
					"$(inherited)",
					"-framework",
					"\"Foundation\"",
					"-framework",
					"\"Material\"",
					"-framework",
					"\"Motion\"",
					"-framework",
					"\"UIKit\"",
					"-framework",
					"\"XLPagerTabStrip\"",
					"\"-all_load\"",
				);
				PRODUCT_BUNDLE_IDENTIFIER = kr.co.ecpert.ggbb;
				PRODUCT_NAME = "$(TARGET_NAME)";
				SWIFT_OBJC_BRIDGING_HEADER = GGBB_re/0_util/kakaoHeader.h;
				SWIFT_VERSION = 4.2;
				TARGETED_DEVICE_FAMILY = 1;
			};
			name = Release;
		};
/* End XCBuildConfiguration section */

/* Begin XCConfigurationList section */
		3EF63D2422708BD6003896C4 /* Build configuration list for PBXProject "GGBB_re" */ = {
			isa = XCConfigurationList;
			buildConfigurations = (
				3EF63D4422708BD6003896C4 /* Debug */,
				3EF63D4522708BD6003896C4 /* Release */,
			);
			defaultConfigurationIsVisible = 0;
			defaultConfigurationName = Release;
		};
		3EF63D4622708BD6003896C4 /* Build configuration list for PBXNativeTarget "GGBB_re" */ = {
			isa = XCConfigurationList;
			buildConfigurations = (
				3EF63D4722708BD6003896C4 /* Debug */,
				3EF63D4822708BD6003896C4 /* Release */,
			);
			defaultConfigurationIsVisible = 0;
			defaultConfigurationName = Release;
		};
/* End XCConfigurationList section */
	};
	rootObject = 3EF63D2122708BD6003896C4 /* Project object */;
}
